# This file is generated by running "yarn install" inside your project.
# Manual changes might be lost - proceed with caution!

__metadata:
  version: 10
  cacheKey: 10c0

"@isaacs/fs-minipass@npm:^4.0.0":
  version: 4.0.1
  resolution: "@isaacs/fs-minipass@npm:4.0.1"
  dependencies:
    minipass: "npm:^7.0.4"
  checksum: 10c0/c25b6dc1598790d5b55c0947a9b7d111cfa92594db5296c3b907e2f533c033666f692a3939eadac17b1c7c40d362d0b0635dc874cbfe3e70db7c2b07cc97a5d2
  languageName: node
  linkType: hard

"@microsoft/signalr@npm:^8.0.7":
  version: 8.0.29
  resolution: "@microsoft/signalr@npm:8.0.29"
  dependencies:
    abort-controller: "npm:^3.0.0"
    eventsource: "npm:^2.0.2"
    fetch-cookie: "npm:^2.0.3"
    node-fetch: "npm:^2.6.7"
    ws: "npm:^7.5.10"
  checksum: 10c0/23e598977882ee5b24a67ae1815dc5c1a2676e2c975da01caa153b61c80eff9d0ce8ac7f68e0830d933a3be41dff549305673c4c2cad959686ad3dd7199ca4db
  languageName: node
  linkType: hard

"@playwright/test@npm:^1.52.0":
  version: 1.62.1
  resolution: "@playwright/test@npm:1.62.1"
  dependencies:
    playwright: "npm:1.62.1"
  bin:
    playwright: cli.js
  checksum: 10c0/4b76f2f717723f84a73601f74fde97f5d92e4b5c869cf87c0f5628bf247fa1d18c9dc6c8e136463303233239e8ce58f902513d4281a9fabc3c426e911ded2c83
  languageName: node
  linkType: hard

"@types/node@npm:^22.0.0":
  version: 22.20.1
  resolution: "@types/node@npm:22.20.1"
  dependencies:
    undici-types: "npm:~6.21.0"
  checksum: 10c0/f2ba54d3d1fb92e1c57c78d32c3a17655b1e87363b707136f55c422b4838d4054901ce5d27f75bb0e5ecb7ebfee3804e0987822d22b473473008091857a09353
  languageName: node
  linkType: hard

"abbrev@npm:^5.0.0":
  version: 5.0.0
  resolution: "abbrev@npm:5.0.0"
  checksum: 10c0/8e88f5c798ea4562d28c5a3e9ad69e3879890bc5d695d8f2dffb8609be4c890aacc8f80ef4553fdd2c6a62d70c2ce8bc57b38074e383beb7487bdafa9ed42ea5
  languageName: node
  linkType: hard

"abort-controller@npm:^3.0.0":
  version: 3.0.0
  resolution: "abort-controller@npm:3.0.0"
  dependencies:
    event-target-shim: "npm:^5.0.0"
  checksum: 10c0/90ccc50f010250152509a344eb2e71977fbf8db0ab8f1061197e3275ddf6c61a41a6edfd7b9409c664513131dd96e962065415325ef23efa5db931b382d24ca5
  languageName: node
  linkType: hard

"chownr@npm:^3.0.0":
  version: 3.0.0
  resolution: "chownr@npm:3.0.0"
  checksum: 10c0/43925b87700f7e3893296c8e9c56cc58f926411cce3a6e5898136daaf08f08b9a8eb76d37d3267e707d0dcc17aed2e2ebdf5848c0c3ce95cf910a919935c1b10
  languageName: node
  linkType: hard

"env-paths@npm:^2.2.0":
  version: 2.2.1
  resolution: "env-paths@npm:2.2.1"
  checksum: 10c0/285325677bf00e30845e330eec32894f5105529db97496ee3f598478e50f008c5352a41a30e5e72ec9de8a542b5a570b85699cd63bd2bc646dbcb9f311d83bc4
  languageName: node
  linkType: hard

"event-target-shim@npm:^5.0.0":
  version: 5.0.1
  resolution: "event-target-shim@npm:5.0.1"
  checksum: 10c0/0255d9f936215fd206156fd4caa9e8d35e62075d720dc7d847e89b417e5e62cf1ce6c9b4e0a1633a9256de0efefaf9f8d26924b1f3c8620cffb9db78e7d3076b
  languageName: node
  linkType: hard

"eventsource@npm:^2.0.2":
  version: 2.0.2
  resolution: "eventsource@npm:2.0.2"
  checksum: 10c0/0b8c70b35e45dd20f22ff64b001be9d530e33b92ca8bdbac9e004d0be00d957ab02ef33c917315f59bf2f20b178c56af85c52029bc8e6cc2d61c31d87d943573
  languageName: node
  linkType: hard

"exponential-backoff@npm:^3.1.1":
  version: 3.1.3
  resolution: "exponential-backoff@npm:3.1.3"
  checksum: 10c0/77e3ae682b7b1f4972f563c6dbcd2b0d54ac679e62d5d32f3e5085feba20483cf28bd505543f520e287a56d4d55a28d7874299941faf637e779a1aa5994d1267
  languageName: node
  linkType: hard

"fdir@npm:^6.5.0":
  version: 6.5.0
  resolution: "fdir@npm:6.5.0"
  peerDependencies:
    picomatch: ^3 || ^4
  peerDependenciesMeta:
    picomatch:
      optional: true
  checksum: 10c0/e345083c4306b3aed6cb8ec551e26c36bab5c511e99ea4576a16750ddc8d3240e63826cc624f5ae17ad4dc82e68a253213b60d556c11bfad064b7607847ed07f
  languageName: node
  linkType: hard

"fetch-cookie@npm:^2.0.3":
  version: 2.2.0
  resolution: "fetch-cookie@npm:2.2.0"
  dependencies:
    set-cookie-parser: "npm:^2.4.8"
    tough-cookie: "npm:^4.0.0"
  checksum: 10c0/bb6bec943ae0fc0d442661838b8ecc43310d34b0a2509124f6f79dabae012dd23e54b7827d20236fb0f98fb07fe493460056d70634b59ba7421862a3dfa68dd9
  languageName: node
  linkType: hard

"fsevents@npm:2.3.2":
  version: 2.3.2
  resolution: "fsevents@npm:2.3.2"
  dependencies:
    node-gyp: "npm:latest"
  checksum: 10c0/be78a3efa3e181cda3cf7a4637cb527bcebb0bd0ea0440105a3bb45b86f9245b307dc10a2507e8f4498a7d4ec349d1910f4d73e4d4495b16103106e07eee735b
  conditions: os=darwin
  languageName: node
  linkType: hard

"fsevents@patch:fsevents@npm%3A2.3.2#optional!builtin<compat/fsevents>":
  version: 2.3.2
  resolution: "fsevents@patch:fsevents@npm%3A2.3.2#optional!builtin<compat/fsevents>::version=2.3.2&hash=df0bf1"
  dependencies:
    node-gyp: "npm:latest"
  conditions: os=darwin
  languageName: node
  linkType: hard

"graceful-fs@npm:^4.2.6":
  version: 4.2.11
  resolution: "graceful-fs@npm:4.2.11"
  checksum: 10c0/386d011a553e02bc594ac2ca0bd6d9e4c22d7fa8cfbfc448a6d148c59ea881b092db9dbe3547ae4b88e55f1b01f7c4a2ecc53b310c042793e63aa44cf6c257f2
  languageName: node
  linkType: hard

"isexe@npm:^4.0.0":
  version: 4.0.0
  resolution: "isexe@npm:4.0.0"
  checksum: 10c0/5884815115bceac452877659a9c7726382531592f43dc29e5d48b7c4100661aed54018cb90bd36cb2eaeba521092570769167acbb95c18d39afdccbcca06c5ce
  languageName: node
  linkType: hard

"minipass@npm:^7.0.4, minipass@npm:^7.1.2":
  version: 7.1.3
  resolution: "minipass@npm:7.1.3"
  checksum: 10c0/539da88daca16533211ea5a9ee98dc62ff5742f531f54640dd34429e621955e91cc280a91a776026264b7f9f6735947629f920944e9c1558369e8bf22eb33fbb
  languageName: node
  linkType: hard

"minizlib@npm:^3.1.0":
  version: 3.1.0
  resolution: "minizlib@npm:3.1.0"
  dependencies:
    minipass: "npm:^7.1.2"
  checksum: 10c0/5aad75ab0090b8266069c9aabe582c021ae53eb33c6c691054a13a45db3b4f91a7fb1bd79151e6b4e9e9a86727b522527c0a06ec7d45206b745d54cd3097bcec
  languageName: node
  linkType: hard

"node-fetch@npm:^2.6.7":
  version: 2.7.0
  resolution: "node-fetch@npm:2.7.0"
  dependencies:
    whatwg-url: "npm:^5.0.0"
  peerDependencies:
    encoding: ^0.1.0
  peerDependenciesMeta:
    encoding:
      optional: true
  checksum: 10c0/b55786b6028208e6fbe594ccccc213cab67a72899c9234eb59dba51062a299ea853210fcf526998eaa2867b0963ad72338824450905679ff0fa304b8c5093ae8
  languageName: node
  linkType: hard

"node-gyp@npm:latest":
  version: 13.0.1
  resolution: "node-gyp@npm:13.0.1"
  dependencies:
    env-paths: "npm:^2.2.0"
    exponential-backoff: "npm:^3.1.1"
    graceful-fs: "npm:^4.2.6"
    nopt: "npm:^10.0.0"
    proc-log: "npm:^7.0.0"
    semver: "npm:^7.3.5"
    tar: "npm:^7.5.4"
    tinyglobby: "npm:^0.2.12"
    undici: "npm:^8.4.1"
    which: "npm:^7.0.0"
  bin:
    node-gyp: bin/node-gyp.js
  checksum: 10c0/424077bc9e9bbe953a8e86db473ba818cbc6a121714008c977fd589e21e5f0c811fbf22faac730dc7182450b5e52df301811d01ae3373898658d999b7710f4e6
  languageName: node
  linkType: hard

"nopt@npm:^10.0.0":
  version: 10.0.1
  resolution: "nopt@npm:10.0.1"
  dependencies:
    abbrev: "npm:^5.0.0"
  bin:
    nopt: bin/nopt.js
  checksum: 10c0/980d89257f9587f3e1f77877ddbf905d6aa3b738ec33e49a4fa1a059a0dd82eb28063982b150654a7ae9de386f2ead60e56172db7d37cf56de545f7392a2a26a
  languageName: node
  linkType: hard

"notification-api-integration@workspace:.":
  version: 0.0.0-use.local
  resolution: "notification-api-integration@workspace:."
  dependencies:
    "@microsoft/signalr": "npm:^8.0.7"
    "@playwright/test": "npm:^1.52.0"
    "@types/node": "npm:^22.0.0"
    tough-cookie: "npm:^5.0.0"
    typescript: "npm:^5.0.0"
  languageName: unknown
  linkType: soft

"picomatch@npm:^4.0.4":
  version: 4.0.5
  resolution: "picomatch@npm:4.0.5"
  checksum: 10c0/947bc6b6e1ff1e6c5aaf95b107a0839d12802f4f7b867663f67d47accba939ca1cb582cf99dfc30438efa1c4648ac5990967e783e8929c36b03e8440704ef1bd
  languageName: node
  linkType: hard

"playwright-core@npm:1.62.1":
  version: 1.62.1
  resolution: "playwright-core@npm:1.62.1"
  bin:
    playwright-core: cli.js
  checksum: 10c0/a37d0f03bb73364cfd0eba704c4b3359b609c4779ae2649a88d8e2b3a29c7357dfcc58bdcf0cb68ddffdef7687abf78902c8356e89f189682c7e19be38e108f0
  languageName: node
  linkType: hard

"playwright@npm:1.62.1":
  version: 1.62.1
  resolution: "playwright@npm:1.62.1"
  dependencies:
    fsevents: "npm:2.3.2"
    playwright-core: "npm:1.62.1"
  dependenciesMeta:
    fsevents:
      optional: true
  bin:
    playwright: cli.js
  checksum: 10c0/4d3522cd46325f50c46f8874d31f70d036f6983228a9f8b9d68fc249e4c17464edcd97cc4adfbb24e712d1829c1386d3bc24e17f58a1ced94e7c423300c21845
  languageName: node
  linkType: hard

"proc-log@npm:^7.0.0":
  version: 7.0.0
  resolution: "proc-log@npm:7.0.0"
  checksum: 10c0/b89c2d862604f35fec795477b0c7e376feab3ba0d4f4d291c4e959567442697cf451ac557d0623c1cc38af45a78128b983410f397a10c5d3a67f76c33de4754b
  languageName: node
  linkType: hard

"psl@npm:^1.1.33":
  version: 1.15.0
  resolution: "psl@npm:1.15.0"
  dependencies:
    punycode: "npm:^2.3.1"
  checksum: 10c0/d8d45a99e4ca62ca12ac3c373e63d80d2368d38892daa40cfddaa1eb908be98cd549ac059783ef3a56cfd96d57ae8e2fd9ae53d1378d90d42bc661ff924e102a
  languageName: node
  linkType: hard

"punycode@npm:^2.1.1, punycode@npm:^2.3.1":
  version: 2.3.1
  resolution: "punycode@npm:2.3.1"
  checksum: 10c0/14f76a8206bc3464f794fb2e3d3cc665ae416c01893ad7a02b23766eb07159144ee612ad67af5e84fa4479ccfe67678c4feb126b0485651b302babf66f04f9e9
  languageName: node
  linkType: hard

"querystringify@npm:^2.1.1":
  version: 2.2.0
  resolution: "querystringify@npm:2.2.0"
  checksum: 10c0/3258bc3dbdf322ff2663619afe5947c7926a6ef5fb78ad7d384602974c467fadfc8272af44f5eb8cddd0d011aae8fabf3a929a8eee4b86edcc0a21e6bd10f9aa
  languageName: node
  linkType: hard

"requires-port@npm:^1.0.0":
  version: 1.0.0
  resolution: "requires-port@npm:1.0.0"
  checksum: 10c0/b2bfdd09db16c082c4326e573a82c0771daaf7b53b9ce8ad60ea46aa6e30aaf475fe9b164800b89f93b748d2c234d8abff945d2551ba47bf5698e04cd7713267
  languageName: node
  linkType: hard

"semver@npm:^7.3.5":
  version: 7.8.5
  resolution: "semver@npm:7.8.5"
  bin:
    semver: bin/semver.js
  checksum: 10c0/b1f3127a5be8125a94f37188b361c212466c292c6910adce3ec106cff5dc211ccaedc4739c11bb70fda59d6fc1f040a9bca289f4e093451521a2372e5231fe0c
  languageName: node
  linkType: hard

"set-cookie-parser@npm:^2.4.8":
  version: 2.7.2
  resolution: "set-cookie-parser@npm:2.7.2"
  checksum: 10c0/4381a9eb7ee951dfe393fe7aacf76b9a3b4e93a684d2162ab35594fa4053cc82a4d7d7582bf397718012c9adcf839b8cd8f57c6c42901ea9effe33c752da4a45
  languageName: node
  linkType: hard

"tar@npm:^7.5.4":
  version: 7.5.22
  resolution: "tar@npm:7.5.22"
  dependencies:
    "@isaacs/fs-minipass": "npm:^4.0.0"
    chownr: "npm:^3.0.0"
    minipass: "npm:^7.1.2"
    minizlib: "npm:^3.1.0"
    yallist: "npm:^5.0.0"
  checksum: 10c0/1311f6be85a8157ac4c9147bae43e13923d2a1aae15e4aa1bd5239e4e03d2cf53cfe103dde7f35832fbb4c938b042856bc8e9a0afd29abd05e2d1608788c4fea
  languageName: node
  linkType: hard

"tinyglobby@npm:^0.2.12":
  version: 0.2.17
  resolution: "tinyglobby@npm:0.2.17"
  dependencies:
    fdir: "npm:^6.5.0"
    picomatch: "npm:^4.0.4"
  checksum: 10c0/7f7bb0f197c88bc4b20c231e0deca4240ca3bf313a88f5a7fee93a872b84966a4d50220947c0455ad07a60b3b360961c5b7fd979222aeb716a9f99b412002e4c
  languageName: node
  linkType: hard

"tldts-core@npm:^6.1.86":
  version: 6.1.86
  resolution: "tldts-core@npm:6.1.86"
  checksum: 10c0/8133c29375f3f99f88fce5f4d62f6ecb9532b106f31e5423b27c1eb1b6e711bd41875184a456819ceaed5c8b94f43911b1ad57e25c6eb86e1fc201228ff7e2af
  languageName: node
  linkType: hard

"tldts-core@npm:^7.4.10":
  version: 7.4.10
  resolution: "tldts-core@npm:7.4.10"
  checksum: 10c0/a5f42aad8aa8adfc57d33e9bd5c43094e9de226dce4851867ea7014d8679040b4c01c500b9947595ab22cdfe9783ea5d88a7c0be2092d19a14f75c7cd4671181
  languageName: node
  linkType: hard

"tldts@npm:^6.1.32":
  version: 6.1.86
  resolution: "tldts@npm:6.1.86"
  dependencies:
    tldts-core: "npm:^6.1.86"
  bin:
    tldts: bin/cli.js
  checksum: 10c0/27ae7526d9d78cb97b2de3f4d102e0b4321d1ccff0648a7bb0e039ed54acbce86bacdcd9cd3c14310e519b457854e7bafbef1f529f58a1e217a737ced63f0940
  languageName: node
  linkType: hard

"tldts@npm:^7.0.5":
  version: 7.4.10
  resolution: "tldts@npm:7.4.10"
  dependencies:
    tldts-core: "npm:^7.4.10"
  bin:
    tldts: bin/cli.js
  checksum: 10c0/a9a85d260bd0bfd046794f140667aae0975da4a3aa805d180b0808b672a6fa7de0fc9f36110c3bdeed87ad780e961e1e5bb1ed8b41f8aa3ad5d5fb469e70ba38
  languageName: node
  linkType: hard

"tough-cookie@npm:*":
  version: 6.0.2
  resolution: "tough-cookie@npm:6.0.2"
  dependencies:
    tldts: "npm:^7.0.5"
  checksum: 10c0/5ff521a476a3c540821352125a5d481c8d2fe16035de7e0efda4df120f290c95500a0e9b51ea0aa56343955be482e014c30f5ba73e04b93ba138e4e855cb9e89
  languageName: node
  linkType: hard

"tough-cookie@npm:^4.0.0":
  version: 4.1.4
  resolution: "tough-cookie@npm:4.1.4"
  dependencies:
    psl: "npm:^1.1.33"
    punycode: "npm:^2.1.1"
    universalify: "npm:^0.2.0"
    url-parse: "npm:^1.5.3"
  checksum: 10c0/aca7ff96054f367d53d1e813e62ceb7dd2eda25d7752058a74d64b7266fd07be75908f3753a32ccf866a2f997604b414cfb1916d6e7f69bc64d9d9939b0d6c45
  languageName: node
  linkType: hard

"tough-cookie@npm:^5.0.0":
  version: 5.1.2
  resolution: "tough-cookie@npm:5.1.2"
  dependencies:
    tldts: "npm:^6.1.32"
  checksum: 10c0/5f95023a47de0f30a902bba951664b359725597d8adeabc66a0b93a931c3af801e1e697dae4b8c21a012056c0ea88bd2bf4dfe66b2adcf8e2f42cd9796fe0626
  languageName: node
  linkType: hard

"tr46@npm:~0.0.3":
  version: 0.0.3
  resolution: "tr46@npm:0.0.3"
  checksum: 10c0/047cb209a6b60c742f05c9d3ace8fa510bff609995c129a37ace03476a9b12db4dbf975e74600830ef0796e18882b2381fb5fb1f6b4f96b832c374de3ab91a11
  languageName: node
  linkType: hard

"typescript@npm:^5.0.0":
  version: 5.9.3
  resolution: "typescript@npm:5.9.3"
  bin:
    tsc: bin/tsc
    tsserver: bin/tsserver
  checksum: 10c0/6bd7552ce39f97e711db5aa048f6f9995b53f1c52f7d8667c1abdc1700c68a76a308f579cd309ce6b53646deb4e9a1be7c813a93baaf0a28ccd536a30270e1c5
  languageName: node
  linkType: hard

"typescript@patch:typescript@npm%3A^5.0.0#optional!builtin<compat/typescript>":
  version: 5.9.3
  resolution: "typescript@patch:typescript@npm%3A5.9.3#optional!builtin<compat/typescript>::version=5.9.3&hash=5786d5"
  bin:
    tsc: bin/tsc
    tsserver: bin/tsserver
  checksum: 10c0/ad09fdf7a756814dce65bc60c1657b40d44451346858eea230e10f2e95a289d9183b6e32e5c11e95acc0ccc214b4f36289dcad4bf1886b0adb84d711d336a430
  languageName: node
  linkType: hard

"undici-types@npm:~6.21.0":
  version: 6.21.0
  resolution: "undici-types@npm:6.21.0"
  checksum: 10c0/c01ed51829b10aa72fc3ce64b747f8e74ae9b60eafa19a7b46ef624403508a54c526ffab06a14a26b3120d055e1104d7abe7c9017e83ced038ea5cf52f8d5e04
  languageName: node
  linkType: hard

"undici@npm:^8.4.1":
  version: 8.10.0
  resolution: "undici@npm:8.10.0"
  checksum: 10c0/37ae2b1db8f65c3a003504e2040e96887b99f9db16ba07dcf49c37ed8b7f8c72f4452f2d46f52f7c9e49518fe8325e3b5e7e02ac3a2424886bd67d4b62a0ecab
  languageName: node
  linkType: hard

"universalify@npm:^0.2.0":
  version: 0.2.0
  resolution: "universalify@npm:0.2.0"
  checksum: 10c0/cedbe4d4ca3967edf24c0800cfc161c5a15e240dac28e3ce575c689abc11f2c81ccc6532c8752af3b40f9120fb5e454abecd359e164f4f6aa44c29cd37e194fe
  languageName: node
  linkType: hard

"url-parse@npm:^1.5.3":
  version: 1.5.10
  resolution: "url-parse@npm:1.5.10"
  dependencies:
    querystringify: "npm:^2.1.1"
    requires-port: "npm:^1.0.0"
  checksum: 10c0/bd5aa9389f896974beb851c112f63b466505a04b4807cea2e5a3b7092f6fbb75316f0491ea84e44f66fed55f1b440df5195d7e3a8203f64fcefa19d182f5be87
  languageName: node
  linkType: hard

"webidl-conversions@npm:^3.0.0":
  version: 3.0.1
  resolution: "webidl-conversions@npm:3.0.1"
  checksum: 10c0/5612d5f3e54760a797052eb4927f0ddc01383550f542ccd33d5238cfd65aeed392a45ad38364970d0a0f4fea32e1f4d231b3d8dac4a3bdd385e5cf802ae097db
  languageName: node
  linkType: hard

"whatwg-url@npm:^5.0.0":
  version: 5.0.0
  resolution: "whatwg-url@npm:5.0.0"
  dependencies:
    tr46: "npm:~0.0.3"
    webidl-conversions: "npm:^3.0.0"
  checksum: 10c0/1588bed84d10b72d5eec1d0faa0722ba1962f1821e7539c535558fb5398d223b0c50d8acab950b8c488b4ba69043fd833cc2697056b167d8ad46fac3995a55d5
  languageName: node
  linkType: hard

"which@npm:^7.0.0":
  version: 7.0.0
  resolution: "which@npm:7.0.0"
  dependencies:
    isexe: "npm:^4.0.0"
  bin:
    node-which: bin/which.js
  checksum: 10c0/ca0b54f198f78bbc4b7c02e34bda8d335cb352e0adb4cbca1c37b1a957af3a879a82c4c27ca6525bc942f548d8b64f816ef6528360af9f3de55ffb9b979b620d
  languageName: node
  linkType: hard

"ws@npm:^7.5.10":
  version: 7.5.13
  resolution: "ws@npm:7.5.13"
  peerDependencies:
    bufferutil: ^4.0.1
    utf-8-validate: ^5.0.2
  peerDependenciesMeta:
    bufferutil:
      optional: true
    utf-8-validate:
      optional: true
  checksum: 10c0/e223726bbda5768ed58ec9252d04eda7018ef380ea122bb94e595a4d7a02b5baeb423933936576fddb8fa51b642375f7ae814bf0f6f5d9a3ce290566578a8c5a
  languageName: node
  linkType: hard

"yallist@npm:^5.0.0":
  version: 5.0.0
  resolution: "yallist@npm:5.0.0"
  checksum: 10c0/a499c81ce6d4a1d260d4ea0f6d49ab4da09681e32c3f0472dee16667ed69d01dae63a3b81745a24bd78476ec4fcf856114cb4896ace738e01da34b2c42235416
  languageName: node
  linkType: hard
